<Solution>
  <Project Path="Assembly-CSharp-firstpass.csproj" />
  <Project Path="Game.Core.csproj" />
  <Project Path="Game.UI.csproj" />
  <Project Path="Game.Player.csproj" />
  <Project Path="Game.Systems.csproj" />
  <Project Path="Game.Data.csproj" />
  <Project Path="Game.Editor.csproj" />
</Solution>
